
Microsoft Visual Studio Solution File, Format Version 12.00
# Visual Studio 2012
Project("{FAE04EC0-301F-11D3-BF4B-00C04F79EFBC}") = "Rogue.FastLane", "Rogue.FastLane\Rogue.FastLane.csproj", "{710C56E2-4DDA-4CE4-A867-31D1F7CBB38C}"
EndProject
Project("{FAE04EC0-301F-11D3-BF4B-00C04F79EFBC}") = "Rogue.FastLane.Tests", "Rogue.FastLane.Tests\Rogue.FastLane.Tests.csproj", "{05F84EE7-6B8F-4AD9-BE01-B1EF4D067422}"
EndProject
Project("{2150E333-8FDC-42A3-9474-1A3956D46DE8}") = ".nuget", ".nuget", "{FE58F28F-F13A-424A-9F77-01F3DC92EB71}"
	ProjectSection(SolutionItems) = preProject
		.nuget\NuGet.Config = .nuget\NuGet.Config
		.nuget\NuGet.exe = .nuget\NuGet.exe
		.nuget\NuGet.targets = .nuget\NuGet.targets
	EndProjectSection
EndProject
Global
	GlobalSection(SolutionConfigurationPlatforms) = preSolution
		Debug|Any CPU = Debug|Any CPU
		Debug|Mixed Platforms = Debug|Mixed Platforms
		Debug|Win32 = Debug|Win32
		Release|Any CPU = Release|Any CPU
		Release|Mixed Platforms = Release|Mixed Platforms
		Release|Win32 = Release|Win32
	EndGlobalSection
	GlobalSection(ProjectConfigurationPlatforms) = postSolution
		{710C56E2-4DDA-4CE4-A867-31D1F7CBB38C}.Debug|Any CPU.ActiveCfg = Debug|Any CPU
		{710C56E2-4DDA-4CE4-A867-31D1F7CBB38C}.Debug|Any CPU.Build.0 = Debug|Any CPU
		{710C56E2-4DDA-4CE4-A867-31D1F7CBB38C}.Debug|Mixed Platforms.ActiveCfg = Debug|Any CPU
		{710C56E2-4DDA-4CE4-A867-31D1F7CBB38C}.Debug|Mixed Platforms.Build.0 = Debug|Any CPU
		{710C56E2-4DDA-4CE4-A867-31D1F7CBB38C}.Debug|Win32.ActiveCfg = Debug|Any CPU
		{710C56E2-4DDA-4CE4-A867-31D1F7CBB38C}.Release|Any CPU.ActiveCfg = Release|Any CPU
		{710C56E2-4DDA-4CE4-A867-31D1F7CBB38C}.Release|Any CPU.Build.0 = Release|Any CPU
		{710C56E2-4DDA-4CE4-A867-31D1F7CBB38C}.Release|Mixed Platforms.ActiveCfg = Release|Any CPU
		{710C56E2-4DDA-4CE4-A867-31D1F7CBB38C}.Release|Mixed Platforms.Build.0 = Release|Any CPU
		{710C56E2-4DDA-4CE4-A867-31D1F7CBB38C}.Release|Win32.ActiveCfg = Release|Any CPU
		{05F84EE7-6B8F-4AD9-BE01-B1EF4D067422}.Debug|Any CPU.ActiveCfg = Debug|Any CPU
		{05F84EE7-6B8F-4AD9-BE01-B1EF4D067422}.Debug|Any CPU.Build.0 = Debug|Any CPU
		{05F84EE7-6B8F-4AD9-BE01-B1EF4D067422}.Debug|Mixed Platforms.ActiveCfg = Debug|Any CPU
		{05F84EE7-6B8F-4AD9-BE01-B1EF4D067422}.Debug|Mixed Platforms.Build.0 = Debug|Any CPU
		{05F84EE7-6B8F-4AD9-BE01-B1EF4D067422}.Debug|Win32.ActiveCfg = Debug|Any CPU
		{05F84EE7-6B8F-4AD9-BE01-B1EF4D067422}.Release|Any CPU.ActiveCfg = Release|Any CPU
		{05F84EE7-6B8F-4AD9-BE01-B1EF4D067422}.Release|Any CPU.Build.0 = Release|Any CPU
		{05F84EE7-6B8F-4AD9-BE01-B1EF4D067422}.Release|Mixed Platforms.ActiveCfg = Release|Any CPU
		{05F84EE7-6B8F-4AD9-BE01-B1EF4D067422}.Release|Mixed Platforms.Build.0 = Release|Any CPU
		{05F84EE7-6B8F-4AD9-BE01-B1EF4D067422}.Release|Win32.ActiveCfg = Release|Any CPU
	EndGlobalSection
	GlobalSection(SolutionProperties) = preSolution
		HideSolutionNode = FALSE
	EndGlobalSection
	GlobalSection(MonoDevelopProperties) = preSolution
		StartupItem = Rogue.FastLane.csproj
	EndGlobalSection
EndGlobal
